<?xml version="1.0" encoding="utf-8"?>
<Project ToolsVersion="4.0" xmlns="http://schemas.microsoft.com/developer/msbuild/2003">
  <ItemGroup>
    <Filter Include="Resource Files">
      <UniqueIdentifier>{67DA6AB6-F800-4c08-8B7A-83BB121AAD01}</UniqueIdentifier>
      <Extensions>rc;ico;cur;bmp;dlg;rc2;rct;bin;rgs;gif;jpg;jpeg;jpe;resx;tiff;tif;png;wav;mfcribbon-ms</Extensions>
    </Filter>
  </ItemGroup>
  <ItemGroup>
    <ClCompile Include="Arduino.cpp" />
    <ClCompile Include="EEPROM.cpp" />
    <ClCompile Include="Serial.cpp" />
    <ClCompile Include="Ethercard.cpp" />
    <ClCompile Include="DynamicLibrary.cpp" />
  </ItemGroup>
  <ItemGroup>
    <ClInclude Include="Arduino.h" />
    <ClInclude Include="EEPROM.h" />
    <ClInclude Include="Serial.h" />
    <ClInclude Include="Ethercard.h" />
    <ClInclude Include="ArduinoLibDefs.h" />
    <ClInclude Include="DynamicLibrary.h" />
    <ClInclude Include="ArduinoLib.h" />
    <ClInclude Include="ArduinoDefs.h" />
    <ClInclude Include="EEPROMLib.h" />
    <ClInclude Include="avr\pgmspace.h" />
  </ItemGroup>
</Project>