Microsoft Visual Studio Solution File, Format Version 12.00
# Visual Studio 15
VisualStudioVersion = 15.0.27130.2027
MinimumVisualStudioVersion = 10.0.40219.1
Project("{8BC9CEB8-8B4A-11D0-8D11-00A0C91BC942}") = "Broker", "project\DccLiteBroker.vcxproj", "{A843EB21-2EB3-4BF7-AE24-E310A82EF4E8}"
	ProjectSection(ProjectDependencies) = postProject
		{260F028D-1029-4332-831B-AD7DD20EBA4A} = {260F028D-1029-4332-831B-AD7DD20EBA4A}
	EndProjectSection
EndProject
Project("{8BC9CEB8-8B4A-11D0-8D11-00A0C91BC942}") = "Terminal", "src\DccLiteTerminal\DccLiteTerminal.vcxproj", "{705E2C24-43C3-4CAE-A007-F0DB5DCDDF84}"
EndProject
Project("{8BC9CEB8-8B4A-11D0-8D11-00A0C91BC942}") = "Common", "Project\Common.vcxproj", "{260F028D-1029-4332-831B-AD7DD20EBA4A}"
EndProject
Project("{FAE04EC0-301F-11D3-BF4B-00C04F79EFBC}") = "SharpTerminal", "src\SharpTerminal\SharpTerminal.csproj", "{E0E7EDCF-CF88-4410-A72C-EC10F9F1402C}"
EndProject
Project("{8BC9CEB8-8B4A-11D0-8D11-00A0C91BC942}") = "EmbeddedLib", "src\LiteDecoder\EmbeddedLib.vcxproj", "{E8505EC4-3ADB-4C8C-8770-CA51BF0E7D94}"
EndProject
Project("{8BC9CEB8-8B4A-11D0-8D11-00A0C91BC942}") = "ArduinoLib", "Project\ArduinoLib.vcxproj", "{FECEA21D-59D8-4B6C-B2A8-200D9B1B34BB}"
EndProject
Project("{8BC9CEB8-8B4A-11D0-8D11-00A0C91BC942}") = "Emulator", "src\Emulator\Emulator.vcxproj", "{22C1A5B2-1AEE-484C-8FC7-D68E17146E65}"
	ProjectSection(ProjectDependencies) = postProject
		{BD3396B9-0574-4964-84C9-B2940815BFAC} = {BD3396B9-0574-4964-84C9-B2940815BFAC}
	EndProjectSection
EndProject
Project("{8BC9CEB8-8B4A-11D0-8D11-00A0C91BC942}") = "LiteDecoderLib", "src\LiteDecoder\LiteDecoderLib.vcxproj", "{BD3396B9-0574-4964-84C9-B2940815BFAC}"
EndProject
Project("{8BC9CEB8-8B4A-11D0-8D11-00A0C91BC942}") = "UnitTest", "project\UnitTest.vcxproj", "{7C14862B-51BE-4C48-91D2-D2860E2B6F75}"
EndProject
Global
	GlobalSection(SolutionConfigurationPlatforms) = preSolution
		Debug|Any CPU = Debug|Any CPU
		Debug|x64 = Debug|x64
		Debug|x86 = Debug|x86
		Release|Any CPU = Release|Any CPU
		Release|x64 = Release|x64
		Release|x86 = Release|x86
	EndGlobalSection
	GlobalSection(ProjectConfigurationPlatforms) = postSolution
		{A843EB21-2EB3-4BF7-AE24-E310A82EF4E8}.Debug|Any CPU.ActiveCfg = Debug|Win32
		{A843EB21-2EB3-4BF7-AE24-E310A82EF4E8}.Debug|Any CPU.Build.0 = Debug|Win32
		{A843EB21-2EB3-4BF7-AE24-E310A82EF4E8}.Debug|x64.ActiveCfg = Debug|x64
		{A843EB21-2EB3-4BF7-AE24-E310A82EF4E8}.Debug|x64.Build.0 = Debug|x64
		{A843EB21-2EB3-4BF7-AE24-E310A82EF4E8}.Debug|x86.ActiveCfg = Debug|Win32
		{A843EB21-2EB3-4BF7-AE24-E310A82EF4E8}.Debug|x86.Build.0 = Debug|Win32
		{A843EB21-2EB3-4BF7-AE24-E310A82EF4E8}.Release|Any CPU.ActiveCfg = Release|Win32
		{A843EB21-2EB3-4BF7-AE24-E310A82EF4E8}.Release|x64.ActiveCfg = Release|x64
		{A843EB21-2EB3-4BF7-AE24-E310A82EF4E8}.Release|x64.Build.0 = Release|x64
		{A843EB21-2EB3-4BF7-AE24-E310A82EF4E8}.Release|x86.ActiveCfg = Release|Win32
		{A843EB21-2EB3-4BF7-AE24-E310A82EF4E8}.Release|x86.Build.0 = Release|Win32
		{705E2C24-43C3-4CAE-A007-F0DB5DCDDF84}.Debug|Any CPU.ActiveCfg = Debug|Win32
		{705E2C24-43C3-4CAE-A007-F0DB5DCDDF84}.Debug|Any CPU.Build.0 = Debug|Win32
		{705E2C24-43C3-4CAE-A007-F0DB5DCDDF84}.Debug|x64.ActiveCfg = Debug|x64
		{705E2C24-43C3-4CAE-A007-F0DB5DCDDF84}.Debug|x64.Build.0 = Debug|x64
		{705E2C24-43C3-4CAE-A007-F0DB5DCDDF84}.Debug|x86.ActiveCfg = Debug|Win32
		{705E2C24-43C3-4CAE-A007-F0DB5DCDDF84}.Debug|x86.Build.0 = Debug|Win32
		{705E2C24-43C3-4CAE-A007-F0DB5DCDDF84}.Release|Any CPU.ActiveCfg = Release|Win32
		{705E2C24-43C3-4CAE-A007-F0DB5DCDDF84}.Release|x64.ActiveCfg = Release|x64
		{705E2C24-43C3-4CAE-A007-F0DB5DCDDF84}.Release|x64.Build.0 = Release|x64
		{705E2C24-43C3-4CAE-A007-F0DB5DCDDF84}.Release|x86.ActiveCfg = Release|Win32
		{705E2C24-43C3-4CAE-A007-F0DB5DCDDF84}.Release|x86.Build.0 = Release|Win32
		{260F028D-1029-4332-831B-AD7DD20EBA4A}.Debug|Any CPU.ActiveCfg = Debug|Win32
		{260F028D-1029-4332-831B-AD7DD20EBA4A}.Debug|Any CPU.Build.0 = Debug|Win32
		{260F028D-1029-4332-831B-AD7DD20EBA4A}.Debug|x64.ActiveCfg = Debug|x64
		{260F028D-1029-4332-831B-AD7DD20EBA4A}.Debug|x64.Build.0 = Debug|x64
		{260F028D-1029-4332-831B-AD7DD20EBA4A}.Debug|x86.ActiveCfg = Debug|Win32
		{260F028D-1029-4332-831B-AD7DD20EBA4A}.Debug|x86.Build.0 = Debug|Win32
		{260F028D-1029-4332-831B-AD7DD20EBA4A}.Release|Any CPU.ActiveCfg = Release|Win32
		{260F028D-1029-4332-831B-AD7DD20EBA4A}.Release|x64.ActiveCfg = Release|x64
		{260F028D-1029-4332-831B-AD7DD20EBA4A}.Release|x64.Build.0 = Release|x64
		{260F028D-1029-4332-831B-AD7DD20EBA4A}.Release|x86.ActiveCfg = Release|Win32
		{260F028D-1029-4332-831B-AD7DD20EBA4A}.Release|x86.Build.0 = Release|Win32
		{E0E7EDCF-CF88-4410-A72C-EC10F9F1402C}.Debug|Any CPU.ActiveCfg = Debug|Any CPU
		{E0E7EDCF-CF88-4410-A72C-EC10F9F1402C}.Debug|Any CPU.Build.0 = Debug|Any CPU
		{E0E7EDCF-CF88-4410-A72C-EC10F9F1402C}.Debug|x64.ActiveCfg = Debug|Any CPU
		{E0E7EDCF-CF88-4410-A72C-EC10F9F1402C}.Debug|x64.Build.0 = Debug|Any CPU
		{E0E7EDCF-CF88-4410-A72C-EC10F9F1402C}.Debug|x86.ActiveCfg = Debug|Any CPU
		{E0E7EDCF-CF88-4410-A72C-EC10F9F1402C}.Debug|x86.Build.0 = Debug|Any CPU
		{E0E7EDCF-CF88-4410-A72C-EC10F9F1402C}.Release|Any CPU.ActiveCfg = Release|Any CPU
		{E0E7EDCF-CF88-4410-A72C-EC10F9F1402C}.Release|Any CPU.Build.0 = Release|Any CPU
		{E0E7EDCF-CF88-4410-A72C-EC10F9F1402C}.Release|x64.ActiveCfg = Release|Any CPU
		{E0E7EDCF-CF88-4410-A72C-EC10F9F1402C}.Release|x64.Build.0 = Release|Any CPU
		{E0E7EDCF-CF88-4410-A72C-EC10F9F1402C}.Release|x86.ActiveCfg = Release|Any CPU
		{E0E7EDCF-CF88-4410-A72C-EC10F9F1402C}.Release|x86.Build.0 = Release|Any CPU
		{E8505EC4-3ADB-4C8C-8770-CA51BF0E7D94}.Debug|Any CPU.ActiveCfg = Debug|Win32
		{E8505EC4-3ADB-4C8C-8770-CA51BF0E7D94}.Debug|Any CPU.Build.0 = Debug|Win32
		{E8505EC4-3ADB-4C8C-8770-CA51BF0E7D94}.Debug|x64.ActiveCfg = Debug|x64
		{E8505EC4-3ADB-4C8C-8770-CA51BF0E7D94}.Debug|x64.Build.0 = Debug|x64
		{E8505EC4-3ADB-4C8C-8770-CA51BF0E7D94}.Debug|x86.ActiveCfg = Debug|Win32
		{E8505EC4-3ADB-4C8C-8770-CA51BF0E7D94}.Debug|x86.Build.0 = Debug|Win32
		{E8505EC4-3ADB-4C8C-8770-CA51BF0E7D94}.Release|Any CPU.ActiveCfg = Release|Win32
		{E8505EC4-3ADB-4C8C-8770-CA51BF0E7D94}.Release|x64.ActiveCfg = Release|x64
		{E8505EC4-3ADB-4C8C-8770-CA51BF0E7D94}.Release|x64.Build.0 = Release|x64
		{E8505EC4-3ADB-4C8C-8770-CA51BF0E7D94}.Release|x86.ActiveCfg = Release|Win32
		{E8505EC4-3ADB-4C8C-8770-CA51BF0E7D94}.Release|x86.Build.0 = Release|Win32
		{FECEA21D-59D8-4B6C-B2A8-200D9B1B34BB}.Debug|Any CPU.ActiveCfg = Debug|Win32
		{FECEA21D-59D8-4B6C-B2A8-200D9B1B34BB}.Debug|Any CPU.Build.0 = Debug|Win32
		{FECEA21D-59D8-4B6C-B2A8-200D9B1B34BB}.Debug|x64.ActiveCfg = Debug|x64
		{FECEA21D-59D8-4B6C-B2A8-200D9B1B34BB}.Debug|x64.Build.0 = Debug|x64
		{FECEA21D-59D8-4B6C-B2A8-200D9B1B34BB}.Debug|x86.ActiveCfg = Debug|Win32
		{FECEA21D-59D8-4B6C-B2A8-200D9B1B34BB}.Debug|x86.Build.0 = Debug|Win32
		{FECEA21D-59D8-4B6C-B2A8-200D9B1B34BB}.Release|Any CPU.ActiveCfg = Release|Win32
		{FECEA21D-59D8-4B6C-B2A8-200D9B1B34BB}.Release|x64.ActiveCfg = Release|x64
		{FECEA21D-59D8-4B6C-B2A8-200D9B1B34BB}.Release|x64.Build.0 = Release|x64
		{FECEA21D-59D8-4B6C-B2A8-200D9B1B34BB}.Release|x86.ActiveCfg = Release|Win32
		{FECEA21D-59D8-4B6C-B2A8-200D9B1B34BB}.Release|x86.Build.0 = Release|Win32
		{22C1A5B2-1AEE-484C-8FC7-D68E17146E65}.Debug|Any CPU.ActiveCfg = Debug|Win32
		{22C1A5B2-1AEE-484C-8FC7-D68E17146E65}.Debug|Any CPU.Build.0 = Debug|Win32
		{22C1A5B2-1AEE-484C-8FC7-D68E17146E65}.Debug|x64.ActiveCfg = Debug|x64
		{22C1A5B2-1AEE-484C-8FC7-D68E17146E65}.Debug|x64.Build.0 = Debug|x64
		{22C1A5B2-1AEE-484C-8FC7-D68E17146E65}.Debug|x86.ActiveCfg = Debug|Win32
		{22C1A5B2-1AEE-484C-8FC7-D68E17146E65}.Debug|x86.Build.0 = Debug|Win32
		{22C1A5B2-1AEE-484C-8FC7-D68E17146E65}.Release|Any CPU.ActiveCfg = Release|Win32
		{22C1A5B2-1AEE-484C-8FC7-D68E17146E65}.Release|x64.ActiveCfg = Release|x64
		{22C1A5B2-1AEE-484C-8FC7-D68E17146E65}.Release|x64.Build.0 = Release|x64
		{22C1A5B2-1AEE-484C-8FC7-D68E17146E65}.Release|x86.ActiveCfg = Release|Win32
		{22C1A5B2-1AEE-484C-8FC7-D68E17146E65}.Release|x86.Build.0 = Release|Win32
		{BD3396B9-0574-4964-84C9-B2940815BFAC}.Debug|Any CPU.ActiveCfg = Debug|Win32
		{BD3396B9-0574-4964-84C9-B2940815BFAC}.Debug|Any CPU.Build.0 = Debug|Win32
		{BD3396B9-0574-4964-84C9-B2940815BFAC}.Debug|x64.ActiveCfg = Debug|x64
		{BD3396B9-0574-4964-84C9-B2940815BFAC}.Debug|x64.Build.0 = Debug|x64
		{BD3396B9-0574-4964-84C9-B2940815BFAC}.Debug|x86.ActiveCfg = Debug|Win32
		{BD3396B9-0574-4964-84C9-B2940815BFAC}.Debug|x86.Build.0 = Debug|Win32
		{BD3396B9-0574-4964-84C9-B2940815BFAC}.Release|Any CPU.ActiveCfg = Release|Win32
		{BD3396B9-0574-4964-84C9-B2940815BFAC}.Release|x64.ActiveCfg = Release|x64
		{BD3396B9-0574-4964-84C9-B2940815BFAC}.Release|x64.Build.0 = Release|x64
		{BD3396B9-0574-4964-84C9-B2940815BFAC}.Release|x86.ActiveCfg = Release|Win32
		{BD3396B9-0574-4964-84C9-B2940815BFAC}.Release|x86.Build.0 = Release|Win32
		{7C14862B-51BE-4C48-91D2-D2860E2B6F75}.Debug|Any CPU.ActiveCfg = Debug|Win32
		{7C14862B-51BE-4C48-91D2-D2860E2B6F75}.Debug|Any CPU.Build.0 = Debug|Win32
		{7C14862B-51BE-4C48-91D2-D2860E2B6F75}.Debug|x64.ActiveCfg = Debug|x64
		{7C14862B-51BE-4C48-91D2-D2860E2B6F75}.Debug|x64.Build.0 = Debug|x64
		{7C14862B-51BE-4C48-91D2-D2860E2B6F75}.Debug|x86.ActiveCfg = Debug|Win32
		{7C14862B-51BE-4C48-91D2-D2860E2B6F75}.Debug|x86.Build.0 = Debug|Win32
		{7C14862B-51BE-4C48-91D2-D2860E2B6F75}.Release|Any CPU.ActiveCfg = Release|Win32
		{7C14862B-51BE-4C48-91D2-D2860E2B6F75}.Release|x64.ActiveCfg = Release|x64
		{7C14862B-51BE-4C48-91D2-D2860E2B6F75}.Release|x64.Build.0 = Release|x64
		{7C14862B-51BE-4C48-91D2-D2860E2B6F75}.Release|x86.ActiveCfg = Release|Win32
		{7C14862B-51BE-4C48-91D2-D2860E2B6F75}.Release|x86.Build.0 = Release|Win32
	EndGlobalSection
	GlobalSection(SolutionProperties) = preSolution
		HideSolutionNode = FALSE
	EndGlobalSection
	GlobalSection(ExtensibilityGlobals) = postSolution
		SolutionGuid = {4D020232-61D8-4AE9-AF97-B1B7DC7D9BF8}
	EndGlobalSection
EndGlobal
