<?xml version="1.0" encoding="utf-8"?>
<Project ToolsVersion="4.0" xmlns="http://schemas.microsoft.com/developer/msbuild/2003">
  <ItemGroup>
    <Filter Include="Resource Files">
      <UniqueIdentifier>{67DA6AB6-F800-4c08-8B7A-83BB121AAD01}</UniqueIdentifier>
      <Extensions>rc;ico;cur;bmp;dlg;rc2;rct;bin;rgs;gif;jpg;jpeg;jpe;resx;tiff;tif;png;wav;mfcribbon-ms</Extensions>
    </Filter>
  </ItemGroup>
  <ItemGroup>
    <ClCompile Include="src\Blinker.cpp" />
    <ClCompile Include="src\Console.cpp" />
    <ClCompile Include="src\main.cpp" />
    <ClCompile Include="src\NetUdp.cpp" />
    <ClCompile Include="src\Storage.cpp" />
    <ClCompile Include="src\Session.cpp" />
    <ClCompile Include="src\DecoderManager.cpp" />
    <ClCompile Include="src\OutputDecoder.cpp" />
    <ClCompile Include="src\Decoder.cpp" />
    <ClCompile Include="src\Config.cpp" />
    <ClCompile Include="src\Strings.cpp" />
  </ItemGroup>
  <ItemGroup>
    <ClInclude Include="src\Blinker.h" />
    <ClInclude Include="src\Console.h" />
    <ClInclude Include="src\LiteDecoder.h" />
    <ClInclude Include="src\NetUdp.h" />
    <ClInclude Include="src\Storage.h" />
    <ClInclude Include="src\main.h" />
    <ClInclude Include="src\Session.h" />
    <ClInclude Include="src\DecoderManager.h" />
    <ClInclude Include="src\Decoder.h" />
    <ClInclude Include="src\OutputDecoder.h" />
    <ClInclude Include="src\Config.h" />
    <ClInclude Include="src\Strings.h" />
  </ItemGroup>
</Project>