<?xml version="1.0" encoding="utf-8"?>
<Project ToolsVersion="4.0" xmlns="http://schemas.microsoft.com/developer/msbuild/2003">
  <ItemGroup>
    <Filter Include="Resource Files">
      <UniqueIdentifier>{67DA6AB6-F800-4c08-8B7A-83BB121AAD01}</UniqueIdentifier>
      <Extensions>rc;ico;cur;bmp;dlg;rc2;rct;bin;rgs;gif;jpg;jpeg;jpe;resx;tiff;tif;png;wav;mfcribbon-ms</Extensions>
    </Filter>
  </ItemGroup>
  <ItemGroup>
    <ClCompile Include="..\src\ArduinoLib\Arduino.cpp" />
    <ClCompile Include="..\src\ArduinoLib\DynamicLibrary.cpp" />
    <ClCompile Include="..\src\ArduinoLib\EEPROM.cpp" />
    <ClCompile Include="..\src\ArduinoLib\Ethercard.cpp" />
    <ClCompile Include="..\src\ArduinoLib\Serial.cpp" />
  </ItemGroup>
  <ItemGroup>
    <ClInclude Include="..\src\ArduinoLib\Arduino.h" />
    <ClInclude Include="..\src\ArduinoLib\ArduinoDefs.h" />
    <ClInclude Include="..\src\ArduinoLib\ArduinoLib.h" />
    <ClInclude Include="..\src\ArduinoLib\ArduinoLibDefs.h" />
    <ClInclude Include="..\src\ArduinoLib\avr\pgmspace.h" />
    <ClInclude Include="..\src\ArduinoLib\DynamicLibrary.h" />
    <ClInclude Include="..\src\ArduinoLib\EEPROM.h" />
    <ClInclude Include="..\src\ArduinoLib\EEPROMLib.h" />
    <ClInclude Include="..\src\ArduinoLib\Ethercard.h" />
    <ClInclude Include="..\src\ArduinoLib\Serial.h" />
  </ItemGroup>
</Project>