<?xml version="1.0" encoding="utf-8"?>
<Project ToolsVersion="4.0" xmlns="http://schemas.microsoft.com/developer/msbuild/2003">
  <ItemGroup>
    <Filter Include="Arquivos de Recurso">
      <UniqueIdentifier>{67DA6AB6-F800-4c08-8B7A-83BB121AAD01}</UniqueIdentifier>
      <Extensions>rc;ico;cur;bmp;dlg;rc2;rct;bin;rgs;gif;jpg;jpeg;jpe;resx;tiff;tif;png;wav;mfcribbon-ms</Extensions>
    </Filter>
    <Filter Include="src">
      <UniqueIdentifier>{b91adb34-09cb-4d2b-b58c-97421c19c5ab}</UniqueIdentifier>
    </Filter>
    <Filter Include="src\fmt">
      <UniqueIdentifier>{4b99537f-177b-4920-bed3-37952534bf34}</UniqueIdentifier>
    </Filter>
  </ItemGroup>
  <ItemGroup>
    <ClCompile Include="..\src\Common\Clock.cpp" />
    <ClCompile Include="..\src\Common\ConsoleUtils.cpp" />
    <ClCompile Include="..\src\Common\GuidUtils.cpp" />
    <ClCompile Include="..\src\Common\LogUtils.cpp" />
    <ClCompile Include="..\src\Common\NetMessenger.cpp" />
    <ClCompile Include="..\src\Common\Object.cpp" />
    <ClCompile Include="..\src\Common\PathUtils.cpp" />
    <ClCompile Include="..\src\Common\Sha1.cpp" />
    <ClCompile Include="..\src\Common\Socket.cpp" />
    <ClCompile Include="..\src\Common\Util.cpp" />
    <ClCompile Include="..\contrib\fmt\src\format.cc">
      <Filter>src\fmt</Filter>
    </ClCompile>
    <ClCompile Include="..\contrib\fmt\src\posix.cc">
      <Filter>src\fmt</Filter>
    </ClCompile>
  </ItemGroup>
  <ItemGroup>
    <ClInclude Include="..\src\Common\ClassInfo.h" />
    <ClInclude Include="..\src\Common\Clock.h" />
    <ClInclude Include="..\src\Common\ConsoleUtils.h" />
    <ClInclude Include="..\src\Common\defs.h" />
    <ClInclude Include="..\src\Common\FmtUtils.h" />
    <ClInclude Include="..\src\Common\GuidUtils.h" />
    <ClInclude Include="..\src\Common\Log.h" />
    <ClInclude Include="..\src\Common\LogUtils.h" />
    <ClInclude Include="..\src\Common\NetMessenger.h" />
    <ClInclude Include="..\src\Common\Object.h" />
    <ClInclude Include="..\src\Common\PathUtils.h" />
    <ClInclude Include="..\src\Common\Sha1.h" />
    <ClInclude Include="..\src\Common\Socket.h" />
    <ClInclude Include="..\src\Common\Util.h" />
    <ClInclude Include="..\contrib\fmt\include\fmt\color.h">
      <Filter>src\fmt</Filter>
    </ClInclude>
    <ClInclude Include="..\contrib\fmt\include\fmt\core.h">
      <Filter>src\fmt</Filter>
    </ClInclude>
    <ClInclude Include="..\contrib\fmt\include\fmt\format.h">
      <Filter>src\fmt</Filter>
    </ClInclude>
    <ClInclude Include="..\contrib\fmt\include\fmt\format-inl.h">
      <Filter>src\fmt</Filter>
    </ClInclude>
    <ClInclude Include="..\contrib\fmt\include\fmt\ranges.h">
      <Filter>src\fmt</Filter>
    </ClInclude>
    <ClInclude Include="..\contrib\fmt\include\fmt\posix.h">
      <Filter>src\fmt</Filter>
    </ClInclude>
    <ClInclude Include="..\contrib\fmt\include\fmt\printf.h">
      <Filter>src\fmt</Filter>
    </ClInclude>
    <ClInclude Include="..\contrib\fmt\include\fmt\time.h">
      <Filter>src\fmt</Filter>
    </ClInclude>
    <ClInclude Include="..\contrib\fmt\include\fmt\ostream.h">
      <Filter>src\fmt</Filter>
    </ClInclude>
  </ItemGroup>
</Project>