<?xml version="1.0" encoding="utf-8"?>
<Project ToolsVersion="4.0" xmlns="http://schemas.microsoft.com/developer/msbuild/2003">
  <ItemGroup>
    <Filter Include="Resource Files">
      <UniqueIdentifier>{67DA6AB6-F800-4c08-8B7A-83BB121AAD01}</UniqueIdentifier>
      <Extensions>rc;ico;cur;bmp;dlg;rc2;rct;bin;rgs;gif;jpg;jpeg;jpe;resx;tiff;tif;png;wav;mfcribbon-ms</Extensions>
    </Filter>
    <Filter Include="src">
      <UniqueIdentifier>{396bab46-d529-4814-801e-42f211c9bb6e}</UniqueIdentifier>
    </Filter>
    <Filter Include="data">
      <UniqueIdentifier>{99310732-6793-4bd5-b8c2-0987391256bf}</UniqueIdentifier>
    </Filter>
    <Filter Include="data\EFMR">
      <UniqueIdentifier>{2fc03913-617b-4a48-85fa-91c7a28556cf}</UniqueIdentifier>
    </Filter>
  </ItemGroup>
  <ItemGroup>
    <ClInclude Include="..\src\DccLiteBroker\DccLiteService.h">
      <Filter>src</Filter>
    </ClInclude>
    <ClInclude Include="..\src\DccLiteBroker\TerminalService.h">
      <Filter>src</Filter>
    </ClInclude>
    <ClInclude Include="..\src\DccLiteBroker\Decoder.h">
      <Filter>src</Filter>
    </ClInclude>
    <ClInclude Include="..\src\DccLiteBroker\OutputDecoder.h">
      <Filter>src</Filter>
    </ClInclude>
    <ClInclude Include="..\src\DccLiteBroker\TerminalCmd.h">
      <Filter>src</Filter>
    </ClInclude>
    <ClInclude Include="..\src\DccLiteBroker\Device.h">
      <Filter>src</Filter>
    </ClInclude>
    <ClInclude Include="..\src\DccLiteBroker\Project.h">
      <Filter>src</Filter>
    </ClInclude>
    <ClInclude Include="..\src\DccLiteBroker\Broker.h">
      <Filter>src</Filter>
    </ClInclude>
    <ClInclude Include="..\src\DccLiteBroker\Service.h" />
    <ClInclude Include="..\src\DccLiteBroker\SpecialFolders.h">
      <Filter>src</Filter>
    </ClInclude>
  </ItemGroup>
  <ItemGroup>
    <ClCompile Include="..\src\DccLiteBroker\main.cpp">
      <Filter>src</Filter>
    </ClCompile>
    <ClCompile Include="..\src\DccLiteBroker\DccLiteService.cpp">
      <Filter>src</Filter>
    </ClCompile>
    <ClCompile Include="..\src\DccLiteBroker\TerminalService.cpp">
      <Filter>src</Filter>
    </ClCompile>
    <ClCompile Include="..\src\DccLiteBroker\Service.cpp">
      <Filter>src</Filter>
    </ClCompile>
    <ClCompile Include="..\src\DccLiteBroker\Decoder.cpp">
      <Filter>src</Filter>
    </ClCompile>
    <ClCompile Include="..\src\DccLiteBroker\OutputDecoder.cpp">
      <Filter>src</Filter>
    </ClCompile>
    <ClCompile Include="..\src\DccLiteBroker\TerminalCmd.cpp">
      <Filter>src</Filter>
    </ClCompile>
    <ClCompile Include="..\src\DccLiteBroker\Device.cpp">
      <Filter>src</Filter>
    </ClCompile>
    <ClCompile Include="..\src\DccLiteBroker\Project.cpp">
      <Filter>src</Filter>
    </ClCompile>
    <ClCompile Include="..\src\DccLiteBroker\Broker.cpp">
      <Filter>src</Filter>
    </ClCompile>
    <ClCompile Include="..\src\DccLiteBroker\SpecialFolders.cpp">
      <Filter>src</Filter>
    </ClCompile>
  </ItemGroup>
  <ItemGroup>
    <None Include="..\data\EFMR\broker.config.json">
      <Filter>data\EFMR</Filter>
    </None>
    <None Include="..\data\EFMR\RelayStagingA.decoders.json">
      <Filter>data\EFMR</Filter>
    </None>
  </ItemGroup>
</Project>